{
  "nodes": {
    "nixpkgs": {
      "locked": {
        "lastModified": 1619323048,
        "narHash": "sha256-wiLspuRrtX4JPO2Xpd0ySsaN+g5i5BVfslCfcIcHSrU=",
        "owner": "nixos",
        "repo": "nixpkgs",
        "rev": "1fe6ed37fd9beb92afe90671c0c2a662a03463dd",
        "type": "github"
      },
      "original": {
        "owner": "nixos",
        "ref": "nixos-unstable",
        "repo": "nixpkgs",
        "type": "github"
      }
    },
    "root": {
      "inputs": {
        "nixpkgs": "nixpkgs"
      }
    }
  },
  "root": "root",
  "version": 7
}
